
Microsoft Visual Studio Solution File, Format Version 12.00
# Visual Studio Version 16
VisualStudioVersion = 16.0.29001.49
MinimumVisualStudioVersion = 10.0.40219.1
Project("{FAE04EC0-301F-11D3-BF4B-00C04F79EFBC}") = "Dekorator_Demo", "Dekorator_Demo\Dekorator_Demo.csproj", "{2532B9FB-1459-4DEA-836C-48E305B4174C}"
EndProject
Global
	GlobalSection(SolutionConfigurationPlatforms) = preSolution
		Debug|Any CPU = Debug|Any CPU
		Release|Any CPU = Release|Any CPU
	EndGlobalSection
	GlobalSection(ProjectConfigurationPlatforms) = postSolution
		{2532B9FB-1459-4DEA-836C-48E305B4174C}.Debug|Any CPU.ActiveCfg = Debug|Any CPU
		{2532B9FB-1459-4DEA-836C-48E305B4174C}.Debug|Any CPU.Build.0 = Debug|Any CPU
		{2532B9FB-1459-4DEA-836C-48E305B4174C}.Release|Any CPU.ActiveCfg = Release|Any CPU
		{2532B9FB-1459-4DEA-836C-48E305B4174C}.Release|Any CPU.Build.0 = Release|Any CPU
	EndGlobalSection
	GlobalSection(SolutionProperties) = preSolution
		HideSolutionNode = FALSE
	EndGlobalSection
	GlobalSection(ExtensibilityGlobals) = postSolution
		SolutionGuid = {1BE4C7F6-52BE-4563-A11E-473063822AD5}
	EndGlobalSection
EndGlobal
