
Microsoft Visual Studio Solution File, Format Version 12.00
# Visual Studio Version 16
VisualStudioVersion = 16.0.29001.49
MinimumVisualStudioVersion = 10.0.40219.1
Project("{FAE04EC0-301F-11D3-BF4B-00C04F79EFBC}") = "Reflection_Demo", "Reflection_Demo\Reflection_Demo.csproj", "{6616B53D-F989-4DD0-85C3-96ECE8555FFC}"
EndProject
Global
	GlobalSection(SolutionConfigurationPlatforms) = preSolution
		Debug|Any CPU = Debug|Any CPU
		Release|Any CPU = Release|Any CPU
	EndGlobalSection
	GlobalSection(ProjectConfigurationPlatforms) = postSolution
		{6616B53D-F989-4DD0-85C3-96ECE8555FFC}.Debug|Any CPU.ActiveCfg = Debug|Any CPU
		{6616B53D-F989-4DD0-85C3-96ECE8555FFC}.Debug|Any CPU.Build.0 = Debug|Any CPU
		{6616B53D-F989-4DD0-85C3-96ECE8555FFC}.Release|Any CPU.ActiveCfg = Release|Any CPU
		{6616B53D-F989-4DD0-85C3-96ECE8555FFC}.Release|Any CPU.Build.0 = Release|Any CPU
	EndGlobalSection
	GlobalSection(SolutionProperties) = preSolution
		HideSolutionNode = FALSE
	EndGlobalSection
	GlobalSection(ExtensibilityGlobals) = postSolution
		SolutionGuid = {D08AACCB-666F-4A17-AC3A-84457A2266F5}
	EndGlobalSection
EndGlobal
