
Microsoft Visual Studio Solution File, Format Version 12.00
# Visual Studio Version 16
VisualStudioVersion = 16.0.29001.49
MinimumVisualStudioVersion = 10.0.40219.1
Project("{FAE04EC0-301F-11D3-BF4B-00C04F79EFBC}") = "Builder_Deno", "Builder_Deno\Builder_Deno.csproj", "{FA6C587C-AA97-4583-89C6-A0AB73FC8AB4}"
EndProject
Global
	GlobalSection(SolutionConfigurationPlatforms) = preSolution
		Debug|Any CPU = Debug|Any CPU
		Release|Any CPU = Release|Any CPU
	EndGlobalSection
	GlobalSection(ProjectConfigurationPlatforms) = postSolution
		{FA6C587C-AA97-4583-89C6-A0AB73FC8AB4}.Debug|Any CPU.ActiveCfg = Debug|Any CPU
		{FA6C587C-AA97-4583-89C6-A0AB73FC8AB4}.Debug|Any CPU.Build.0 = Debug|Any CPU
		{FA6C587C-AA97-4583-89C6-A0AB73FC8AB4}.Release|Any CPU.ActiveCfg = Release|Any CPU
		{FA6C587C-AA97-4583-89C6-A0AB73FC8AB4}.Release|Any CPU.Build.0 = Release|Any CPU
	EndGlobalSection
	GlobalSection(SolutionProperties) = preSolution
		HideSolutionNode = FALSE
	EndGlobalSection
	GlobalSection(ExtensibilityGlobals) = postSolution
		SolutionGuid = {E8F2128B-6EA5-48B1-8BE8-EFA9E4A0731D}
	EndGlobalSection
EndGlobal
