
Microsoft Visual Studio Solution File, Format Version 12.00
# Visual Studio Version 16
VisualStudioVersion = 16.0.29001.49
MinimumVisualStudioVersion = 10.0.40219.1
Project("{FAE04EC0-301F-11D3-BF4B-00C04F79EFBC}") = "Observer_Demo", "Observer_Demo\Observer_Demo.csproj", "{C3DC01D9-9E48-4313-88CF-F147FB42DC7B}"
EndProject
Global
	GlobalSection(SolutionConfigurationPlatforms) = preSolution
		Debug|Any CPU = Debug|Any CPU
		Release|Any CPU = Release|Any CPU
	EndGlobalSection
	GlobalSection(ProjectConfigurationPlatforms) = postSolution
		{C3DC01D9-9E48-4313-88CF-F147FB42DC7B}.Debug|Any CPU.ActiveCfg = Debug|Any CPU
		{C3DC01D9-9E48-4313-88CF-F147FB42DC7B}.Debug|Any CPU.Build.0 = Debug|Any CPU
		{C3DC01D9-9E48-4313-88CF-F147FB42DC7B}.Release|Any CPU.ActiveCfg = Release|Any CPU
		{C3DC01D9-9E48-4313-88CF-F147FB42DC7B}.Release|Any CPU.Build.0 = Release|Any CPU
	EndGlobalSection
	GlobalSection(SolutionProperties) = preSolution
		HideSolutionNode = FALSE
	EndGlobalSection
	GlobalSection(ExtensibilityGlobals) = postSolution
		SolutionGuid = {2E9B3BED-6499-4DBB-8C79-CB0EC9A199F2}
	EndGlobalSection
EndGlobal
