
Microsoft Visual Studio Solution File, Format Version 12.00
# Visual Studio Version 16
VisualStudioVersion = 16.0.29001.49
MinimumVisualStudioVersion = 10.0.40219.1
Project("{FAE04EC0-301F-11D3-BF4B-00C04F79EFBC}") = "AspektorientiertesProgrammieren_Demo", "AspektorientiertesProgrammieren_Demo\AspektorientiertesProgrammieren_Demo.csproj", "{B2F52E8A-7329-4C81-85D9-4138A0636CD7}"
EndProject
Global
	GlobalSection(SolutionConfigurationPlatforms) = preSolution
		Debug|Any CPU = Debug|Any CPU
		Release|Any CPU = Release|Any CPU
	EndGlobalSection
	GlobalSection(ProjectConfigurationPlatforms) = postSolution
		{B2F52E8A-7329-4C81-85D9-4138A0636CD7}.Debug|Any CPU.ActiveCfg = Debug|Any CPU
		{B2F52E8A-7329-4C81-85D9-4138A0636CD7}.Debug|Any CPU.Build.0 = Debug|Any CPU
		{B2F52E8A-7329-4C81-85D9-4138A0636CD7}.Release|Any CPU.ActiveCfg = Release|Any CPU
		{B2F52E8A-7329-4C81-85D9-4138A0636CD7}.Release|Any CPU.Build.0 = Release|Any CPU
	EndGlobalSection
	GlobalSection(SolutionProperties) = preSolution
		HideSolutionNode = FALSE
	EndGlobalSection
	GlobalSection(ExtensibilityGlobals) = postSolution
		SolutionGuid = {D1BD6D69-BB89-4B15-A59E-04AE900FEDB1}
	EndGlobalSection
EndGlobal
