
Microsoft Visual Studio Solution File, Format Version 12.00
# Visual Studio Version 16
VisualStudioVersion = 16.0.29001.49
MinimumVisualStudioVersion = 10.0.40219.1
Project("{FAE04EC0-301F-11D3-BF4B-00C04F79EFBC}") = "ppedv.BV.Domain", "ppedv.BV.Domain\ppedv.BV.Domain.csproj", "{3324F636-D477-4EEF-9C22-39FF4EC72470}"
EndProject
Project("{FAE04EC0-301F-11D3-BF4B-00C04F79EFBC}") = "ppedv.BV.Data.EF", "ppedv.BV.Data.EF\ppedv.BV.Data.EF.csproj", "{A1CBB4A6-F985-4D3B-BFA0-07BE47DC4A01}"
EndProject
Project("{FAE04EC0-301F-11D3-BF4B-00C04F79EFBC}") = "ppedv.BV.Data.EF.Tests", "ppedv.BV.Data.EF.Tests\ppedv.BV.Data.EF.Tests.csproj", "{27E05A0F-EC91-4FAD-A398-174319860E99}"
EndProject
Project("{FAE04EC0-301F-11D3-BF4B-00C04F79EFBC}") = "ppedv.BV.Logic", "ppedv.BV.Logic\ppedv.BV.Logic.csproj", "{400EA0B6-EB1F-4D0F-BCDD-5AABD3383BAA}"
EndProject
Global
	GlobalSection(SolutionConfigurationPlatforms) = preSolution
		Debug|Any CPU = Debug|Any CPU
		Release|Any CPU = Release|Any CPU
	EndGlobalSection
	GlobalSection(ProjectConfigurationPlatforms) = postSolution
		{3324F636-D477-4EEF-9C22-39FF4EC72470}.Debug|Any CPU.ActiveCfg = Debug|Any CPU
		{3324F636-D477-4EEF-9C22-39FF4EC72470}.Debug|Any CPU.Build.0 = Debug|Any CPU
		{3324F636-D477-4EEF-9C22-39FF4EC72470}.Release|Any CPU.ActiveCfg = Release|Any CPU
		{3324F636-D477-4EEF-9C22-39FF4EC72470}.Release|Any CPU.Build.0 = Release|Any CPU
		{A1CBB4A6-F985-4D3B-BFA0-07BE47DC4A01}.Debug|Any CPU.ActiveCfg = Debug|Any CPU
		{A1CBB4A6-F985-4D3B-BFA0-07BE47DC4A01}.Debug|Any CPU.Build.0 = Debug|Any CPU
		{A1CBB4A6-F985-4D3B-BFA0-07BE47DC4A01}.Release|Any CPU.ActiveCfg = Release|Any CPU
		{A1CBB4A6-F985-4D3B-BFA0-07BE47DC4A01}.Release|Any CPU.Build.0 = Release|Any CPU
		{27E05A0F-EC91-4FAD-A398-174319860E99}.Debug|Any CPU.ActiveCfg = Debug|Any CPU
		{27E05A0F-EC91-4FAD-A398-174319860E99}.Debug|Any CPU.Build.0 = Debug|Any CPU
		{27E05A0F-EC91-4FAD-A398-174319860E99}.Release|Any CPU.ActiveCfg = Release|Any CPU
		{27E05A0F-EC91-4FAD-A398-174319860E99}.Release|Any CPU.Build.0 = Release|Any CPU
		{400EA0B6-EB1F-4D0F-BCDD-5AABD3383BAA}.Debug|Any CPU.ActiveCfg = Debug|Any CPU
		{400EA0B6-EB1F-4D0F-BCDD-5AABD3383BAA}.Debug|Any CPU.Build.0 = Debug|Any CPU
		{400EA0B6-EB1F-4D0F-BCDD-5AABD3383BAA}.Release|Any CPU.ActiveCfg = Release|Any CPU
		{400EA0B6-EB1F-4D0F-BCDD-5AABD3383BAA}.Release|Any CPU.Build.0 = Release|Any CPU
	EndGlobalSection
	GlobalSection(SolutionProperties) = preSolution
		HideSolutionNode = FALSE
	EndGlobalSection
	GlobalSection(ExtensibilityGlobals) = postSolution
		SolutionGuid = {047A5D81-7A20-4A17-9B9F-555C5D290D66}
	EndGlobalSection
EndGlobal
