
Microsoft Visual Studio Solution File, Format Version 12.00
# Visual Studio Version 16
VisualStudioVersion = 16.0.29001.49
MinimumVisualStudioVersion = 10.0.40219.1
Project("{9A19103F-16F7-4668-BE54-9A1E7A4F7556}") = "ppedv.BV.Domain", "ppedv.BV.Domain\ppedv.BV.Domain.csproj", "{3324F636-D477-4EEF-9C22-39FF4EC72470}"
EndProject
Project("{9A19103F-16F7-4668-BE54-9A1E7A4F7556}") = "ppedv.BV.Data.EF", "ppedv.BV.Data.EF\ppedv.BV.Data.EF.csproj", "{A1CBB4A6-F985-4D3B-BFA0-07BE47DC4A01}"
EndProject
Project("{FAE04EC0-301F-11D3-BF4B-00C04F79EFBC}") = "ppedv.BV.Data.EF.Tests", "ppedv.BV.Data.EF.Tests\ppedv.BV.Data.EF.Tests.csproj", "{27E05A0F-EC91-4FAD-A398-174319860E99}"
EndProject
Project("{9A19103F-16F7-4668-BE54-9A1E7A4F7556}") = "ppedv.BV.Logic", "ppedv.BV.Logic\ppedv.BV.Logic.csproj", "{400EA0B6-EB1F-4D0F-BCDD-5AABD3383BAA}"
EndProject
Project("{FAE04EC0-301F-11D3-BF4B-00C04F79EFBC}") = "ppedv.BV.Logic.Tests", "ppedv.BV.Logic.Tests\ppedv.BV.Logic.Tests.csproj", "{63EB0C63-002D-4FE1-BA7D-185C63575615}"
EndProject
Project("{FAE04EC0-301F-11D3-BF4B-00C04F79EFBC}") = "ppedv.BV.UI.Console", "ppedv.BV.UI.Console\ppedv.BV.UI.Console.csproj", "{64FC9DD9-71E8-4303-B8DA-33F2D5DAC870}"
EndProject
Project("{FAE04EC0-301F-11D3-BF4B-00C04F79EFBC}") = "ppedv.BV.UI.ASP", "ppedv.BV.UI.ASP\ppedv.BV.UI.ASP.csproj", "{726060D1-3C0C-4C9A-BEF9-45F11804E434}"
EndProject
Project("{FAE04EC0-301F-11D3-BF4B-00C04F79EFBC}") = "ppedv.BV.UI.WPF", "ppedv.BV.UI.WPF\ppedv.BV.UI.WPF.csproj", "{F40D7009-8DC0-4325-A527-760952447B7D}"
EndProject
Project("{2150E333-8FDC-42A3-9474-1A3956D46DE8}") = "Data", "Data", "{5F08AF7D-2A16-4397-AB32-BB25E27053FF}"
EndProject
Project("{2150E333-8FDC-42A3-9474-1A3956D46DE8}") = "Domain", "Domain", "{EE306CD0-FF94-4915-A05E-8E1A612AA92C}"
EndProject
Project("{2150E333-8FDC-42A3-9474-1A3956D46DE8}") = "Logic", "Logic", "{A04DE0F4-CD5B-42D3-875E-3872ED788504}"
EndProject
Project("{2150E333-8FDC-42A3-9474-1A3956D46DE8}") = "UI", "UI", "{4007A9E2-FBE5-4C1E-9E7B-02D98BD93849}"
EndProject
Global
	GlobalSection(SolutionConfigurationPlatforms) = preSolution
		Debug|Any CPU = Debug|Any CPU
		Release|Any CPU = Release|Any CPU
	EndGlobalSection
	GlobalSection(ProjectConfigurationPlatforms) = postSolution
		{3324F636-D477-4EEF-9C22-39FF4EC72470}.Debug|Any CPU.ActiveCfg = Debug|Any CPU
		{3324F636-D477-4EEF-9C22-39FF4EC72470}.Debug|Any CPU.Build.0 = Debug|Any CPU
		{3324F636-D477-4EEF-9C22-39FF4EC72470}.Release|Any CPU.ActiveCfg = Release|Any CPU
		{3324F636-D477-4EEF-9C22-39FF4EC72470}.Release|Any CPU.Build.0 = Release|Any CPU
		{A1CBB4A6-F985-4D3B-BFA0-07BE47DC4A01}.Debug|Any CPU.ActiveCfg = Debug|Any CPU
		{A1CBB4A6-F985-4D3B-BFA0-07BE47DC4A01}.Debug|Any CPU.Build.0 = Debug|Any CPU
		{A1CBB4A6-F985-4D3B-BFA0-07BE47DC4A01}.Release|Any CPU.ActiveCfg = Release|Any CPU
		{A1CBB4A6-F985-4D3B-BFA0-07BE47DC4A01}.Release|Any CPU.Build.0 = Release|Any CPU
		{27E05A0F-EC91-4FAD-A398-174319860E99}.Debug|Any CPU.ActiveCfg = Debug|Any CPU
		{27E05A0F-EC91-4FAD-A398-174319860E99}.Debug|Any CPU.Build.0 = Debug|Any CPU
		{27E05A0F-EC91-4FAD-A398-174319860E99}.Release|Any CPU.ActiveCfg = Release|Any CPU
		{27E05A0F-EC91-4FAD-A398-174319860E99}.Release|Any CPU.Build.0 = Release|Any CPU
		{400EA0B6-EB1F-4D0F-BCDD-5AABD3383BAA}.Debug|Any CPU.ActiveCfg = Debug|Any CPU
		{400EA0B6-EB1F-4D0F-BCDD-5AABD3383BAA}.Debug|Any CPU.Build.0 = Debug|Any CPU
		{400EA0B6-EB1F-4D0F-BCDD-5AABD3383BAA}.Release|Any CPU.ActiveCfg = Release|Any CPU
		{400EA0B6-EB1F-4D0F-BCDD-5AABD3383BAA}.Release|Any CPU.Build.0 = Release|Any CPU
		{63EB0C63-002D-4FE1-BA7D-185C63575615}.Debug|Any CPU.ActiveCfg = Debug|Any CPU
		{63EB0C63-002D-4FE1-BA7D-185C63575615}.Debug|Any CPU.Build.0 = Debug|Any CPU
		{63EB0C63-002D-4FE1-BA7D-185C63575615}.Release|Any CPU.ActiveCfg = Release|Any CPU
		{63EB0C63-002D-4FE1-BA7D-185C63575615}.Release|Any CPU.Build.0 = Release|Any CPU
		{64FC9DD9-71E8-4303-B8DA-33F2D5DAC870}.Debug|Any CPU.ActiveCfg = Debug|Any CPU
		{64FC9DD9-71E8-4303-B8DA-33F2D5DAC870}.Debug|Any CPU.Build.0 = Debug|Any CPU
		{64FC9DD9-71E8-4303-B8DA-33F2D5DAC870}.Release|Any CPU.ActiveCfg = Release|Any CPU
		{64FC9DD9-71E8-4303-B8DA-33F2D5DAC870}.Release|Any CPU.Build.0 = Release|Any CPU
		{726060D1-3C0C-4C9A-BEF9-45F11804E434}.Debug|Any CPU.ActiveCfg = Debug|Any CPU
		{726060D1-3C0C-4C9A-BEF9-45F11804E434}.Debug|Any CPU.Build.0 = Debug|Any CPU
		{726060D1-3C0C-4C9A-BEF9-45F11804E434}.Release|Any CPU.ActiveCfg = Release|Any CPU
		{726060D1-3C0C-4C9A-BEF9-45F11804E434}.Release|Any CPU.Build.0 = Release|Any CPU
		{F40D7009-8DC0-4325-A527-760952447B7D}.Debug|Any CPU.ActiveCfg = Debug|Any CPU
		{F40D7009-8DC0-4325-A527-760952447B7D}.Debug|Any CPU.Build.0 = Debug|Any CPU
		{F40D7009-8DC0-4325-A527-760952447B7D}.Release|Any CPU.ActiveCfg = Release|Any CPU
		{F40D7009-8DC0-4325-A527-760952447B7D}.Release|Any CPU.Build.0 = Release|Any CPU
	EndGlobalSection
	GlobalSection(SolutionProperties) = preSolution
		HideSolutionNode = FALSE
	EndGlobalSection
	GlobalSection(NestedProjects) = preSolution
		{3324F636-D477-4EEF-9C22-39FF4EC72470} = {EE306CD0-FF94-4915-A05E-8E1A612AA92C}
		{A1CBB4A6-F985-4D3B-BFA0-07BE47DC4A01} = {5F08AF7D-2A16-4397-AB32-BB25E27053FF}
		{27E05A0F-EC91-4FAD-A398-174319860E99} = {5F08AF7D-2A16-4397-AB32-BB25E27053FF}
		{400EA0B6-EB1F-4D0F-BCDD-5AABD3383BAA} = {A04DE0F4-CD5B-42D3-875E-3872ED788504}
		{63EB0C63-002D-4FE1-BA7D-185C63575615} = {A04DE0F4-CD5B-42D3-875E-3872ED788504}
		{64FC9DD9-71E8-4303-B8DA-33F2D5DAC870} = {4007A9E2-FBE5-4C1E-9E7B-02D98BD93849}
		{726060D1-3C0C-4C9A-BEF9-45F11804E434} = {4007A9E2-FBE5-4C1E-9E7B-02D98BD93849}
		{F40D7009-8DC0-4325-A527-760952447B7D} = {4007A9E2-FBE5-4C1E-9E7B-02D98BD93849}
	EndGlobalSection
	GlobalSection(ExtensibilityGlobals) = postSolution
		SolutionGuid = {047A5D81-7A20-4A17-9B9F-555C5D290D66}
	EndGlobalSection
EndGlobal
