
Microsoft Visual Studio Solution File, Format Version 12.00
# Visual Studio Version 16
VisualStudioVersion = 16.0.29001.49
MinimumVisualStudioVersion = 10.0.40219.1
Project("{FAE04EC0-301F-11D3-BF4B-00C04F79EFBC}") = "PersonenVerwaltung", "PersonenVerwaltung\PersonenVerwaltung.csproj", "{573510FD-072A-4CC6-AA9D-39D8EAF3DB74}"
EndProject
Global
	GlobalSection(SolutionConfigurationPlatforms) = preSolution
		Debug|Any CPU = Debug|Any CPU
		Release|Any CPU = Release|Any CPU
	EndGlobalSection
	GlobalSection(ProjectConfigurationPlatforms) = postSolution
		{573510FD-072A-4CC6-AA9D-39D8EAF3DB74}.Debug|Any CPU.ActiveCfg = Debug|Any CPU
		{573510FD-072A-4CC6-AA9D-39D8EAF3DB74}.Debug|Any CPU.Build.0 = Debug|Any CPU
		{573510FD-072A-4CC6-AA9D-39D8EAF3DB74}.Release|Any CPU.ActiveCfg = Release|Any CPU
		{573510FD-072A-4CC6-AA9D-39D8EAF3DB74}.Release|Any CPU.Build.0 = Release|Any CPU
	EndGlobalSection
	GlobalSection(SolutionProperties) = preSolution
		HideSolutionNode = FALSE
	EndGlobalSection
	GlobalSection(ExtensibilityGlobals) = postSolution
		SolutionGuid = {90F7CDB2-9D56-438F-AC57-A2D530E6E964}
	EndGlobalSection
EndGlobal
